# This file is automatically @generated by Cargo.
# It is not intended for manual editing.
[[package]]
name = "aho-corasick"
version = "0.7.8"
source = "registry+https://github.com/rust-lang/crates.io-index"
dependencies = [
 "memchr 2.3.3 (registry+https://github.com/rust-lang/crates.io-index)",
]

[[package]]
name = "argon2rs"
version = "0.2.5"
source = "registry+https://github.com/rust-lang/crates.io-index"
dependencies = [
 "blake2-rfc 0.2.18 (registry+https://github.com/rust-lang/crates.io-index)",
 "scoped_threadpool 0.1.9 (registry+https://github.com/rust-lang/crates.io-index)",
]

[[package]]
name = "arrayvec"
version = "0.4.7"
source = "registry+https://github.com/rust-lang/crates.io-index"
dependencies = [
 "nodrop 0.1.12 (registry+https://github.com/rust-lang/crates.io-index)",
]

[[package]]
name = "atk"
version = "0.8.0"
source = "registry+https://github.com/rust-lang/crates.io-index"
dependencies = [
 "atk-sys 0.9.1 (registry+https://github.com/rust-lang/crates.io-index)",
 "bitflags 1.0.3 (registry+https://github.com/rust-lang/crates.io-index)",
 "glib 0.9.3 (registry+https://github.com/rust-lang/crates.io-index)",
 "glib-sys 0.9.1 (registry+https://github.com/rust-lang/crates.io-index)",
 "gobject-sys 0.9.1 (registry+https://github.com/rust-lang/crates.io-index)",
 "libc 0.2.42 (registry+https://github.com/rust-lang/crates.io-index)",
]

[[package]]
name = "atk-sys"
version = "0.9.1"
source = "registry+https://github.com/rust-lang/crates.io-index"
dependencies = [
 "glib-sys 0.9.1 (registry+https://github.com/rust-lang/crates.io-index)",
 "gobject-sys 0.9.1 (registry+https://github.com/rust-lang/crates.io-index)",
 "libc 0.2.42 (registry+https://github.com/rust-lang/crates.io-index)",
 "pkg-config 0.3.11 (registry+https://github.com/rust-lang/crates.io-index)",
]

[[package]]
name = "backtrace"
version = "0.3.9"
source = "registry+https://github.com/rust-lang/crates.io-index"
dependencies = [
 "backtrace-sys 0.1.24 (registry+https://github.com/rust-lang/crates.io-index)",
 "cfg-if 0.1.5 (registry+https://github.com/rust-lang/crates.io-index)",
 "libc 0.2.42 (registry+https://github.com/rust-lang/crates.io-index)",
 "rustc-demangle 0.1.9 (registry+https://github.com/rust-lang/crates.io-index)",
 "winapi 0.3.5 (registry+https://github.com/rust-lang/crates.io-index)",
]

[[package]]
name = "backtrace-sys"
version = "0.1.24"
source = "registry+https://github.com/rust-lang/crates.io-index"
dependencies = [
 "cc 1.0.17 (registry+https://github.com/rust-lang/crates.io-index)",
 "libc 0.2.42 (registry+https://github.com/rust-lang/crates.io-index)",
]

[[package]]
name = "bitflags"
version = "1.0.3"
source = "registry+https://github.com/rust-lang/crates.io-index"

[[package]]
name = "blake2-rfc"
version = "0.2.18"
source = "registry+https://github.com/rust-lang/crates.io-index"
dependencies = [
 "arrayvec 0.4.7 (registry+https://github.com/rust-lang/crates.io-index)",
 "constant_time_eq 0.1.3 (registry+https://github.com/rust-lang/crates.io-index)",
]

[[package]]
name = "cairo-rs"
version = "0.8.0"
source = "registry+https://github.com/rust-lang/crates.io-index"
dependencies = [
 "bitflags 1.0.3 (registry+https://github.com/rust-lang/crates.io-index)",
 "cairo-sys-rs 0.9.2 (registry+https://github.com/rust-lang/crates.io-index)",
 "glib 0.9.3 (registry+https://github.com/rust-lang/crates.io-index)",
 "glib-sys 0.9.1 (registry+https://github.com/rust-lang/crates.io-index)",
 "gobject-sys 0.9.1 (registry+https://github.com/rust-lang/crates.io-index)",
 "libc 0.2.42 (registry+https://github.com/rust-lang/crates.io-index)",
]

[[package]]
name = "cairo-sys-rs"
version = "0.9.2"
source = "registry+https://github.com/rust-lang/crates.io-index"
dependencies = [
 "glib-sys 0.9.1 (registry+https://github.com/rust-lang/crates.io-index)",
 "libc 0.2.42 (registry+https://github.com/rust-lang/crates.io-index)",
 "pkg-config 0.3.11 (registry+https://github.com/rust-lang/crates.io-index)",
]

[[package]]
name = "cc"
version = "1.0.17"
source = "registry+https://github.com/rust-lang/crates.io-index"

[[package]]
name = "cfg-if"
version = "0.1.5"
source = "registry+https://github.com/rust-lang/crates.io-index"

[[package]]
name = "constant_time_eq"
version = "0.1.3"
source = "registry+https://github.com/rust-lang/crates.io-index"

[[package]]
name = "dirs"
version = "1.0.4"
source = "registry+https://github.com/rust-lang/crates.io-index"
dependencies = [
 "libc 0.2.42 (registry+https://github.com/rust-lang/crates.io-index)",
 "redox_users 0.2.0 (registry+https://github.com/rust-lang/crates.io-index)",
 "winapi 0.3.5 (registry+https://github.com/rust-lang/crates.io-index)",
]

[[package]]
name = "failure"
version = "0.1.2"
source = "registry+https://github.com/rust-lang/crates.io-index"
dependencies = [
 "backtrace 0.3.9 (registry+https://github.com/rust-lang/crates.io-index)",
 "failure_derive 0.1.2 (registry+https://github.com/rust-lang/crates.io-index)",
]

[[package]]
name = "failure_derive"
version = "0.1.2"
source = "registry+https://github.com/rust-lang/crates.io-index"
dependencies = [
 "proc-macro2 0.4.20 (registry+https://github.com/rust-lang/crates.io-index)",
 "quote 0.6.8 (registry+https://github.com/rust-lang/crates.io-index)",
 "syn 0.14.9 (registry+https://github.com/rust-lang/crates.io-index)",
 "synstructure 0.9.0 (registry+https://github.com/rust-lang/crates.io-index)",
]

[[package]]
name = "fuchsia-zircon"
version = "0.3.3"
source = "registry+https://github.com/rust-lang/crates.io-index"
dependencies = [
 "bitflags 1.0.3 (registry+https://github.com/rust-lang/crates.io-index)",
 "fuchsia-zircon-sys 0.3.3 (registry+https://github.com/rust-lang/crates.io-index)",
]

[[package]]
name = "fuchsia-zircon-sys"
version = "0.3.3"
source = "registry+https://github.com/rust-lang/crates.io-index"

[[package]]
name = "futures-channel"
version = "0.3.1"
source = "registry+https://github.com/rust-lang/crates.io-index"
dependencies = [
 "futures-core 0.3.1 (registry+https://github.com/rust-lang/crates.io-index)",
]

[[package]]
name = "futures-core"
version = "0.3.1"
source = "registry+https://github.com/rust-lang/crates.io-index"

[[package]]
name = "futures-executor"
version = "0.3.1"
source = "registry+https://github.com/rust-lang/crates.io-index"
dependencies = [
 "futures-core 0.3.1 (registry+https://github.com/rust-lang/crates.io-index)",
 "futures-task 0.3.1 (registry+https://github.com/rust-lang/crates.io-index)",
 "futures-util 0.3.1 (registry+https://github.com/rust-lang/crates.io-index)",
]

[[package]]
name = "futures-io"
version = "0.3.1"
source = "registry+https://github.com/rust-lang/crates.io-index"

[[package]]
name = "futures-macro"
version = "0.3.1"
source = "registry+https://github.com/rust-lang/crates.io-index"
dependencies = [
 "proc-macro-hack 0.5.11 (registry+https://github.com/rust-lang/crates.io-index)",
 "proc-macro2 1.0.6 (registry+https://github.com/rust-lang/crates.io-index)",
 "quote 1.0.2 (registry+https://github.com/rust-lang/crates.io-index)",
 "syn 1.0.11 (registry+https://github.com/rust-lang/crates.io-index)",
]

[[package]]
name = "futures-task"
version = "0.3.1"
source = "registry+https://github.com/rust-lang/crates.io-index"

[[package]]
name = "futures-util"
version = "0.3.1"
source = "registry+https://github.com/rust-lang/crates.io-index"
dependencies = [
 "futures-core 0.3.1 (registry+https://github.com/rust-lang/crates.io-index)",
 "futures-macro 0.3.1 (registry+https://github.com/rust-lang/crates.io-index)",
 "futures-task 0.3.1 (registry+https://github.com/rust-lang/crates.io-index)",
 "pin-utils 0.1.0-alpha.4 (registry+https://github.com/rust-lang/crates.io-index)",
 "proc-macro-hack 0.5.11 (registry+https://github.com/rust-lang/crates.io-index)",
 "proc-macro-nested 0.1.3 (registry+https://github.com/rust-lang/crates.io-index)",
 "slab 0.4.2 (registry+https://github.com/rust-lang/crates.io-index)",
]

[[package]]
name = "gdk"
version = "0.12.0"
source = "registry+https://github.com/rust-lang/crates.io-index"
dependencies = [
 "bitflags 1.0.3 (registry+https://github.com/rust-lang/crates.io-index)",
 "cairo-rs 0.8.0 (registry+https://github.com/rust-lang/crates.io-index)",
 "cairo-sys-rs 0.9.2 (registry+https://github.com/rust-lang/crates.io-index)",
 "gdk-pixbuf 0.8.0 (registry+https://github.com/rust-lang/crates.io-index)",
 "gdk-sys 0.9.1 (registry+https://github.com/rust-lang/crates.io-index)",
 "gio 0.8.0 (registry+https://github.com/rust-lang/crates.io-index)",
 "gio-sys 0.9.1 (registry+https://github.com/rust-lang/crates.io-index)",
 "glib 0.9.3 (registry+https://github.com/rust-lang/crates.io-index)",
 "glib-sys 0.9.1 (registry+https://github.com/rust-lang/crates.io-index)",
 "gobject-sys 0.9.1 (registry+https://github.com/rust-lang/crates.io-index)",
 "libc 0.2.42 (registry+https://github.com/rust-lang/crates.io-index)",
 "pango 0.8.0 (registry+https://github.com/rust-lang/crates.io-index)",
]

[[package]]
name = "gdk-pixbuf"
version = "0.8.0"
source = "registry+https://github.com/rust-lang/crates.io-index"
dependencies = [
 "gdk-pixbuf-sys 0.9.1 (registry+https://github.com/rust-lang/crates.io-index)",
 "gio 0.8.0 (registry+https://github.com/rust-lang/crates.io-index)",
 "gio-sys 0.9.1 (registry+https://github.com/rust-lang/crates.io-index)",
 "glib 0.9.3 (registry+https://github.com/rust-lang/crates.io-index)",
 "glib-sys 0.9.1 (registry+https://github.com/rust-lang/crates.io-index)",
 "gobject-sys 0.9.1 (registry+https://github.com/rust-lang/crates.io-index)",
 "libc 0.2.42 (registry+https://github.com/rust-lang/crates.io-index)",
]

[[package]]
name = "gdk-pixbuf-sys"
version = "0.9.1"
source = "registry+https://github.com/rust-lang/crates.io-index"
dependencies = [
 "gio-sys 0.9.1 (registry+https://github.com/rust-lang/crates.io-index)",
 "glib-sys 0.9.1 (registry+https://github.com/rust-lang/crates.io-index)",
 "gobject-sys 0.9.1 (registry+https://github.com/rust-lang/crates.io-index)",
 "libc 0.2.42 (registry+https://github.com/rust-lang/crates.io-index)",
 "pkg-config 0.3.11 (registry+https://github.com/rust-lang/crates.io-index)",
]

[[package]]
name = "gdk-sys"
version = "0.9.1"
source = "registry+https://github.com/rust-lang/crates.io-index"
dependencies = [
 "cairo-sys-rs 0.9.2 (registry+https://github.com/rust-lang/crates.io-index)",
 "gdk-pixbuf-sys 0.9.1 (registry+https://github.com/rust-lang/crates.io-index)",
 "gio-sys 0.9.1 (registry+https://github.com/rust-lang/crates.io-index)",
 "glib-sys 0.9.1 (registry+https://github.com/rust-lang/crates.io-index)",
 "gobject-sys 0.9.1 (registry+https://github.com/rust-lang/crates.io-index)",
 "libc 0.2.42 (registry+https://github.com/rust-lang/crates.io-index)",
 "pango-sys 0.9.1 (registry+https://github.com/rust-lang/crates.io-index)",
 "pkg-config 0.3.11 (registry+https://github.com/rust-lang/crates.io-index)",
]

[[package]]
name = "gettext-rs"
version = "0.4.4"
source = "registry+https://github.com/rust-lang/crates.io-index"
dependencies = [
 "gettext-sys 0.19.9 (registry+https://github.com/rust-lang/crates.io-index)",
 "locale_config 0.2.3 (registry+https://github.com/rust-lang/crates.io-index)",
]

[[package]]
name = "gettext-sys"
version = "0.19.9"
source = "registry+https://github.com/rust-lang/crates.io-index"
dependencies = [
 "cc 1.0.17 (registry+https://github.com/rust-lang/crates.io-index)",
]

[[package]]
name = "gio"
version = "0.8.0"
source = "registry+https://github.com/rust-lang/crates.io-index"
dependencies = [
 "bitflags 1.0.3 (registry+https://github.com/rust-lang/crates.io-index)",
 "futures-channel 0.3.1 (registry+https://github.com/rust-lang/crates.io-index)",
 "futures-core 0.3.1 (registry+https://github.com/rust-lang/crates.io-index)",
 "futures-io 0.3.1 (registry+https://github.com/rust-lang/crates.io-index)",
 "futures-util 0.3.1 (registry+https://github.com/rust-lang/crates.io-index)",
 "gio-sys 0.9.1 (registry+https://github.com/rust-lang/crates.io-index)",
 "glib 0.9.3 (registry+https://github.com/rust-lang/crates.io-index)",
 "glib-sys 0.9.1 (registry+https://github.com/rust-lang/crates.io-index)",
 "gobject-sys 0.9.1 (registry+https://github.com/rust-lang/crates.io-index)",
 "lazy_static 1.2.0 (registry+https://github.com/rust-lang/crates.io-index)",
 "libc 0.2.42 (registry+https://github.com/rust-lang/crates.io-index)",
]

[[package]]
name = "gio-sys"
version = "0.9.1"
source = "registry+https://github.com/rust-lang/crates.io-index"
dependencies = [
 "glib-sys 0.9.1 (registry+https://github.com/rust-lang/crates.io-index)",
 "gobject-sys 0.9.1 (registry+https://github.com/rust-lang/crates.io-index)",
 "libc 0.2.42 (registry+https://github.com/rust-lang/crates.io-index)",
 "pkg-config 0.3.11 (registry+https://github.com/rust-lang/crates.io-index)",
]

[[package]]
name = "glib"
version = "0.9.3"
source = "registry+https://github.com/rust-lang/crates.io-index"
dependencies = [
 "bitflags 1.0.3 (registry+https://github.com/rust-lang/crates.io-index)",
 "futures-channel 0.3.1 (registry+https://github.com/rust-lang/crates.io-index)",
 "futures-core 0.3.1 (registry+https://github.com/rust-lang/crates.io-index)",
 "futures-executor 0.3.1 (registry+https://github.com/rust-lang/crates.io-index)",
 "futures-task 0.3.1 (registry+https://github.com/rust-lang/crates.io-index)",
 "futures-util 0.3.1 (registry+https://github.com/rust-lang/crates.io-index)",
 "glib-sys 0.9.1 (registry+https://github.com/rust-lang/crates.io-index)",
 "gobject-sys 0.9.1 (registry+https://github.com/rust-lang/crates.io-index)",
 "lazy_static 1.2.0 (registry+https://github.com/rust-lang/crates.io-index)",
 "libc 0.2.42 (registry+https://github.com/rust-lang/crates.io-index)",
]

[[package]]
name = "glib-sys"
version = "0.9.1"
source = "registry+https://github.com/rust-lang/crates.io-index"
dependencies = [
 "libc 0.2.42 (registry+https://github.com/rust-lang/crates.io-index)",
 "pkg-config 0.3.11 (registry+https://github.com/rust-lang/crates.io-index)",
]

[[package]]
name = "gobject-sys"
version = "0.9.1"
source = "registry+https://github.com/rust-lang/crates.io-index"
dependencies = [
 "glib-sys 0.9.1 (registry+https://github.com/rust-lang/crates.io-index)",
 "libc 0.2.42 (registry+https://github.com/rust-lang/crates.io-index)",
 "pkg-config 0.3.11 (registry+https://github.com/rust-lang/crates.io-index)",
]

[[package]]
name = "gpsami"
version = "0.1.0"
dependencies = [
 "dirs 1.0.4 (registry+https://github.com/rust-lang/crates.io-index)",
 "gettext-rs 0.4.4 (registry+https://github.com/rust-lang/crates.io-index)",
 "gio 0.8.0 (registry+https://github.com/rust-lang/crates.io-index)",
 "glib 0.9.3 (registry+https://github.com/rust-lang/crates.io-index)",
 "glib-sys 0.9.1 (registry+https://github.com/rust-lang/crates.io-index)",
 "gtk 0.8.1 (registry+https://github.com/rust-lang/crates.io-index)",
 "gudev 0.8.0 (registry+https://github.com/rust-lang/crates.io-index)",
 "libudev 0.2.0 (registry+https://github.com/rust-lang/crates.io-index)",
 "rustc-serialize 0.3.24 (registry+https://github.com/rust-lang/crates.io-index)",
]

[[package]]
name = "gtk"
version = "0.8.1"
source = "registry+https://github.com/rust-lang/crates.io-index"
dependencies = [
 "atk 0.8.0 (registry+https://github.com/rust-lang/crates.io-index)",
 "bitflags 1.0.3 (registry+https://github.com/rust-lang/crates.io-index)",
 "cairo-rs 0.8.0 (registry+https://github.com/rust-lang/crates.io-index)",
 "cairo-sys-rs 0.9.2 (registry+https://github.com/rust-lang/crates.io-index)",
 "cc 1.0.17 (registry+https://github.com/rust-lang/crates.io-index)",
 "gdk 0.12.0 (registry+https://github.com/rust-lang/crates.io-index)",
 "gdk-pixbuf 0.8.0 (registry+https://github.com/rust-lang/crates.io-index)",
 "gdk-pixbuf-sys 0.9.1 (registry+https://github.com/rust-lang/crates.io-index)",
 "gdk-sys 0.9.1 (registry+https://github.com/rust-lang/crates.io-index)",
 "gio 0.8.0 (registry+https://github.com/rust-lang/crates.io-index)",
 "gio-sys 0.9.1 (registry+https://github.com/rust-lang/crates.io-index)",
 "glib 0.9.3 (registry+https://github.com/rust-lang/crates.io-index)",
 "glib-sys 0.9.1 (registry+https://github.com/rust-lang/crates.io-index)",
 "gobject-sys 0.9.1 (registry+https://github.com/rust-lang/crates.io-index)",
 "gtk-sys 0.9.2 (registry+https://github.com/rust-lang/crates.io-index)",
 "lazy_static 1.2.0 (registry+https://github.com/rust-lang/crates.io-index)",
 "libc 0.2.42 (registry+https://github.com/rust-lang/crates.io-index)",
 "pango 0.8.0 (registry+https://github.com/rust-lang/crates.io-index)",
 "pango-sys 0.9.1 (registry+https://github.com/rust-lang/crates.io-index)",
]

[[package]]
name = "gtk-sys"
version = "0.9.2"
source = "registry+https://github.com/rust-lang/crates.io-index"
dependencies = [
 "atk-sys 0.9.1 (registry+https://github.com/rust-lang/crates.io-index)",
 "cairo-sys-rs 0.9.2 (registry+https://github.com/rust-lang/crates.io-index)",
 "gdk-pixbuf-sys 0.9.1 (registry+https://github.com/rust-lang/crates.io-index)",
 "gdk-sys 0.9.1 (registry+https://github.com/rust-lang/crates.io-index)",
 "gio-sys 0.9.1 (registry+https://github.com/rust-lang/crates.io-index)",
 "glib-sys 0.9.1 (registry+https://github.com/rust-lang/crates.io-index)",
 "gobject-sys 0.9.1 (registry+https://github.com/rust-lang/crates.io-index)",
 "libc 0.2.42 (registry+https://github.com/rust-lang/crates.io-index)",
 "pango-sys 0.9.1 (registry+https://github.com/rust-lang/crates.io-index)",
 "pkg-config 0.3.11 (registry+https://github.com/rust-lang/crates.io-index)",
]

[[package]]
name = "gudev"
version = "0.8.0"
source = "registry+https://github.com/rust-lang/crates.io-index"
dependencies = [
 "glib 0.9.3 (registry+https://github.com/rust-lang/crates.io-index)",
 "glib-sys 0.9.1 (registry+https://github.com/rust-lang/crates.io-index)",
 "gobject-sys 0.9.1 (registry+https://github.com/rust-lang/crates.io-index)",
 "gudev-sys 0.6.0 (registry+https://github.com/rust-lang/crates.io-index)",
 "libc 0.2.42 (registry+https://github.com/rust-lang/crates.io-index)",
]

[[package]]
name = "gudev-sys"
version = "0.6.0"
source = "registry+https://github.com/rust-lang/crates.io-index"
dependencies = [
 "bitflags 1.0.3 (registry+https://github.com/rust-lang/crates.io-index)",
 "glib-sys 0.9.1 (registry+https://github.com/rust-lang/crates.io-index)",
 "gobject-sys 0.9.1 (registry+https://github.com/rust-lang/crates.io-index)",
 "libc 0.2.42 (registry+https://github.com/rust-lang/crates.io-index)",
 "pkg-config 0.3.11 (registry+https://github.com/rust-lang/crates.io-index)",
]

[[package]]
name = "lazy_static"
version = "1.2.0"
source = "registry+https://github.com/rust-lang/crates.io-index"

[[package]]
name = "libc"
version = "0.2.42"
source = "registry+https://github.com/rust-lang/crates.io-index"

[[package]]
name = "libudev"
version = "0.2.0"
source = "registry+https://github.com/rust-lang/crates.io-index"
dependencies = [
 "libc 0.2.42 (registry+https://github.com/rust-lang/crates.io-index)",
 "libudev-sys 0.1.4 (registry+https://github.com/rust-lang/crates.io-index)",
]

[[package]]
name = "libudev-sys"
version = "0.1.4"
source = "registry+https://github.com/rust-lang/crates.io-index"
dependencies = [
 "libc 0.2.42 (registry+https://github.com/rust-lang/crates.io-index)",
 "pkg-config 0.3.11 (registry+https://github.com/rust-lang/crates.io-index)",
]

[[package]]
name = "locale_config"
version = "0.2.3"
source = "registry+https://github.com/rust-lang/crates.io-index"
dependencies = [
 "lazy_static 1.2.0 (registry+https://github.com/rust-lang/crates.io-index)",
 "regex 1.3.4 (registry+https://github.com/rust-lang/crates.io-index)",
 "winapi 0.3.5 (registry+https://github.com/rust-lang/crates.io-index)",
]

[[package]]
name = "memchr"
version = "2.3.3"
source = "registry+https://github.com/rust-lang/crates.io-index"

[[package]]
name = "nodrop"
version = "0.1.12"
source = "registry+https://github.com/rust-lang/crates.io-index"

[[package]]
name = "pango"
version = "0.8.0"
source = "registry+https://github.com/rust-lang/crates.io-index"
dependencies = [
 "bitflags 1.0.3 (registry+https://github.com/rust-lang/crates.io-index)",
 "glib 0.9.3 (registry+https://github.com/rust-lang/crates.io-index)",
 "glib-sys 0.9.1 (registry+https://github.com/rust-lang/crates.io-index)",
 "gobject-sys 0.9.1 (registry+https://github.com/rust-lang/crates.io-index)",
 "lazy_static 1.2.0 (registry+https://github.com/rust-lang/crates.io-index)",
 "libc 0.2.42 (registry+https://github.com/rust-lang/crates.io-index)",
 "pango-sys 0.9.1 (registry+https://github.com/rust-lang/crates.io-index)",
]

[[package]]
name = "pango-sys"
version = "0.9.1"
source = "registry+https://github.com/rust-lang/crates.io-index"
dependencies = [
 "glib-sys 0.9.1 (registry+https://github.com/rust-lang/crates.io-index)",
 "gobject-sys 0.9.1 (registry+https://github.com/rust-lang/crates.io-index)",
 "libc 0.2.42 (registry+https://github.com/rust-lang/crates.io-index)",
 "pkg-config 0.3.11 (registry+https://github.com/rust-lang/crates.io-index)",
]

[[package]]
name = "pin-utils"
version = "0.1.0-alpha.4"
source = "registry+https://github.com/rust-lang/crates.io-index"

[[package]]
name = "pkg-config"
version = "0.3.11"
source = "registry+https://github.com/rust-lang/crates.io-index"

[[package]]
name = "proc-macro-hack"
version = "0.5.11"
source = "registry+https://github.com/rust-lang/crates.io-index"
dependencies = [
 "proc-macro2 1.0.6 (registry+https://github.com/rust-lang/crates.io-index)",
 "quote 1.0.2 (registry+https://github.com/rust-lang/crates.io-index)",
 "syn 1.0.11 (registry+https://github.com/rust-lang/crates.io-index)",
]

[[package]]
name = "proc-macro-nested"
version = "0.1.3"
source = "registry+https://github.com/rust-lang/crates.io-index"

[[package]]
name = "proc-macro2"
version = "0.4.20"
source = "registry+https://github.com/rust-lang/crates.io-index"
dependencies = [
 "unicode-xid 0.1.0 (registry+https://github.com/rust-lang/crates.io-index)",
]

[[package]]
name = "proc-macro2"
version = "1.0.6"
source = "registry+https://github.com/rust-lang/crates.io-index"
dependencies = [
 "unicode-xid 0.2.0 (registry+https://github.com/rust-lang/crates.io-index)",
]

[[package]]
name = "quote"
version = "0.6.8"
source = "registry+https://github.com/rust-lang/crates.io-index"
dependencies = [
 "proc-macro2 0.4.20 (registry+https://github.com/rust-lang/crates.io-index)",
]

[[package]]
name = "quote"
version = "1.0.2"
source = "registry+https://github.com/rust-lang/crates.io-index"
dependencies = [
 "proc-macro2 1.0.6 (registry+https://github.com/rust-lang/crates.io-index)",
]

[[package]]
name = "rand"
version = "0.4.3"
source = "registry+https://github.com/rust-lang/crates.io-index"
dependencies = [
 "fuchsia-zircon 0.3.3 (registry+https://github.com/rust-lang/crates.io-index)",
 "libc 0.2.42 (registry+https://github.com/rust-lang/crates.io-index)",
 "winapi 0.3.5 (registry+https://github.com/rust-lang/crates.io-index)",
]

[[package]]
name = "redox_syscall"
version = "0.1.40"
source = "registry+https://github.com/rust-lang/crates.io-index"

[[package]]
name = "redox_users"
version = "0.2.0"
source = "registry+https://github.com/rust-lang/crates.io-index"
dependencies = [
 "argon2rs 0.2.5 (registry+https://github.com/rust-lang/crates.io-index)",
 "failure 0.1.2 (registry+https://github.com/rust-lang/crates.io-index)",
 "rand 0.4.3 (registry+https://github.com/rust-lang/crates.io-index)",
 "redox_syscall 0.1.40 (registry+https://github.com/rust-lang/crates.io-index)",
]

[[package]]
name = "regex"
version = "1.3.4"
source = "registry+https://github.com/rust-lang/crates.io-index"
dependencies = [
 "aho-corasick 0.7.8 (registry+https://github.com/rust-lang/crates.io-index)",
 "memchr 2.3.3 (registry+https://github.com/rust-lang/crates.io-index)",
 "regex-syntax 0.6.14 (registry+https://github.com/rust-lang/crates.io-index)",
 "thread_local 1.0.1 (registry+https://github.com/rust-lang/crates.io-index)",
]

[[package]]
name = "regex-syntax"
version = "0.6.14"
source = "registry+https://github.com/rust-lang/crates.io-index"

[[package]]
name = "rustc-demangle"
version = "0.1.9"
source = "registry+https://github.com/rust-lang/crates.io-index"

[[package]]
name = "rustc-serialize"
version = "0.3.24"
source = "registry+https://github.com/rust-lang/crates.io-index"

[[package]]
name = "scoped_threadpool"
version = "0.1.9"
source = "registry+https://github.com/rust-lang/crates.io-index"

[[package]]
name = "slab"
version = "0.4.2"
source = "registry+https://github.com/rust-lang/crates.io-index"

[[package]]
name = "syn"
version = "0.14.9"
source = "registry+https://github.com/rust-lang/crates.io-index"
dependencies = [
 "proc-macro2 0.4.20 (registry+https://github.com/rust-lang/crates.io-index)",
 "quote 0.6.8 (registry+https://github.com/rust-lang/crates.io-index)",
 "unicode-xid 0.1.0 (registry+https://github.com/rust-lang/crates.io-index)",
]

[[package]]
name = "syn"
version = "1.0.11"
source = "registry+https://github.com/rust-lang/crates.io-index"
dependencies = [
 "proc-macro2 1.0.6 (registry+https://github.com/rust-lang/crates.io-index)",
 "quote 1.0.2 (registry+https://github.com/rust-lang/crates.io-index)",
 "unicode-xid 0.2.0 (registry+https://github.com/rust-lang/crates.io-index)",
]

[[package]]
name = "synstructure"
version = "0.9.0"
source = "registry+https://github.com/rust-lang/crates.io-index"
dependencies = [
 "proc-macro2 0.4.20 (registry+https://github.com/rust-lang/crates.io-index)",
 "quote 0.6.8 (registry+https://github.com/rust-lang/crates.io-index)",
 "syn 0.14.9 (registry+https://github.com/rust-lang/crates.io-index)",
 "unicode-xid 0.1.0 (registry+https://github.com/rust-lang/crates.io-index)",
]

[[package]]
name = "thread_local"
version = "1.0.1"
source = "registry+https://github.com/rust-lang/crates.io-index"
dependencies = [
 "lazy_static 1.2.0 (registry+https://github.com/rust-lang/crates.io-index)",
]

[[package]]
name = "unicode-xid"
version = "0.1.0"
source = "registry+https://github.com/rust-lang/crates.io-index"

[[package]]
name = "unicode-xid"
version = "0.2.0"
source = "registry+https://github.com/rust-lang/crates.io-index"

[[package]]
name = "winapi"
version = "0.3.5"
source = "registry+https://github.com/rust-lang/crates.io-index"
dependencies = [
 "winapi-i686-pc-windows-gnu 0.4.0 (registry+https://github.com/rust-lang/crates.io-index)",
 "winapi-x86_64-pc-windows-gnu 0.4.0 (registry+https://github.com/rust-lang/crates.io-index)",
]

[[package]]
name = "winapi-i686-pc-windows-gnu"
version = "0.4.0"
source = "registry+https://github.com/rust-lang/crates.io-index"

[[package]]
name = "winapi-x86_64-pc-windows-gnu"
version = "0.4.0"
source = "registry+https://github.com/rust-lang/crates.io-index"

[metadata]
"checksum aho-corasick 0.7.8 (registry+https://github.com/rust-lang/crates.io-index)" = "743ad5a418686aad3b87fd14c43badd828cf26e214a00f92a384291cf22e1811"
"checksum argon2rs 0.2.5 (registry+https://github.com/rust-lang/crates.io-index)" = "3f67b0b6a86dae6e67ff4ca2b6201396074996379fba2b92ff649126f37cb392"
"checksum arrayvec 0.4.7 (registry+https://github.com/rust-lang/crates.io-index)" = "a1e964f9e24d588183fcb43503abda40d288c8657dfc27311516ce2f05675aef"
"checksum atk 0.8.0 (registry+https://github.com/rust-lang/crates.io-index)" = "444daefa55f229af145ea58d77efd23725024ee1f6f3102743709aa6b18c663e"
"checksum atk-sys 0.9.1 (registry+https://github.com/rust-lang/crates.io-index)" = "e552c1776737a4c80110d06b36d099f47c727335f9aaa5d942a72b6863a8ec6f"
"checksum backtrace 0.3.9 (registry+https://github.com/rust-lang/crates.io-index)" = "89a47830402e9981c5c41223151efcced65a0510c13097c769cede7efb34782a"
"checksum backtrace-sys 0.1.24 (registry+https://github.com/rust-lang/crates.io-index)" = "c66d56ac8dabd07f6aacdaf633f4b8262f5b3601a810a0dcddffd5c22c69daa0"
"checksum bitflags 1.0.3 (registry+https://github.com/rust-lang/crates.io-index)" = "d0c54bb8f454c567f21197eefcdbf5679d0bd99f2ddbe52e84c77061952e6789"
"checksum blake2-rfc 0.2.18 (registry+https://github.com/rust-lang/crates.io-index)" = "5d6d530bdd2d52966a6d03b7a964add7ae1a288d25214066fd4b600f0f796400"
"checksum cairo-rs 0.8.0 (registry+https://github.com/rust-lang/crates.io-index)" = "0b528aca2ef1026235d0122495dbaee0b09479f77c51f6df8d9bb9cb1c6d6f87"
"checksum cairo-sys-rs 0.9.2 (registry+https://github.com/rust-lang/crates.io-index)" = "ff65ba02cac715be836f63429ab00a767d48336efc5497c5637afb53b4f14d63"
"checksum cc 1.0.17 (registry+https://github.com/rust-lang/crates.io-index)" = "49ec142f5768efb5b7622aebc3fdbdbb8950a4b9ba996393cb76ef7466e8747d"
"checksum cfg-if 0.1.5 (registry+https://github.com/rust-lang/crates.io-index)" = "0c4e7bb64a8ebb0d856483e1e682ea3422f883c5f5615a90d51a2c82fe87fdd3"
"checksum constant_time_eq 0.1.3 (registry+https://github.com/rust-lang/crates.io-index)" = "8ff012e225ce166d4422e0e78419d901719760f62ae2b7969ca6b564d1b54a9e"
"checksum dirs 1.0.4 (registry+https://github.com/rust-lang/crates.io-index)" = "88972de891f6118092b643d85a0b28e0678e0f948d7f879aa32f2d5aafe97d2a"
"checksum failure 0.1.2 (registry+https://github.com/rust-lang/crates.io-index)" = "7efb22686e4a466b1ec1a15c2898f91fa9cb340452496dca654032de20ff95b9"
"checksum failure_derive 0.1.2 (registry+https://github.com/rust-lang/crates.io-index)" = "946d0e98a50d9831f5d589038d2ca7f8f455b1c21028c0db0e84116a12696426"
"checksum fuchsia-zircon 0.3.3 (registry+https://github.com/rust-lang/crates.io-index)" = "2e9763c69ebaae630ba35f74888db465e49e259ba1bc0eda7d06f4a067615d82"
"checksum fuchsia-zircon-sys 0.3.3 (registry+https://github.com/rust-lang/crates.io-index)" = "3dcaa9ae7725d12cdb85b3ad99a434db70b468c09ded17e012d86b5c1010f7a7"
"checksum futures-channel 0.3.1 (registry+https://github.com/rust-lang/crates.io-index)" = "fcae98ca17d102fd8a3603727b9259fcf7fa4239b603d2142926189bc8999b86"
"checksum futures-core 0.3.1 (registry+https://github.com/rust-lang/crates.io-index)" = "79564c427afefab1dfb3298535b21eda083ef7935b4f0ecbfcb121f0aec10866"
"checksum futures-executor 0.3.1 (registry+https://github.com/rust-lang/crates.io-index)" = "1e274736563f686a837a0568b478bdabfeaec2dca794b5649b04e2fe1627c231"
"checksum futures-io 0.3.1 (registry+https://github.com/rust-lang/crates.io-index)" = "e676577d229e70952ab25f3945795ba5b16d63ca794ca9d2c860e5595d20b5ff"
"checksum futures-macro 0.3.1 (registry+https://github.com/rust-lang/crates.io-index)" = "52e7c56c15537adb4f76d0b7a76ad131cb4d2f4f32d3b0bcabcbe1c7c5e87764"
"checksum futures-task 0.3.1 (registry+https://github.com/rust-lang/crates.io-index)" = "0bae52d6b29cf440e298856fec3965ee6fa71b06aa7495178615953fd669e5f9"
"checksum futures-util 0.3.1 (registry+https://github.com/rust-lang/crates.io-index)" = "c0d66274fb76985d3c62c886d1da7ac4c0903a8c9f754e8fe0f35a6a6cc39e76"
"checksum gdk 0.12.0 (registry+https://github.com/rust-lang/crates.io-index)" = "2739c12374f83bad563ee839c2b3ea5c60391465a254fd4a54b6e3e9648dc61f"
"checksum gdk-pixbuf 0.8.0 (registry+https://github.com/rust-lang/crates.io-index)" = "e248220c46b329b097d4b158d2717f8c688f16dd76d0399ace82b3e98062bdd7"
"checksum gdk-pixbuf-sys 0.9.1 (registry+https://github.com/rust-lang/crates.io-index)" = "d8991b060a9e9161bafd09bf4a202e6fd404f5b4dd1a08d53a1e84256fb34ab0"
"checksum gdk-sys 0.9.1 (registry+https://github.com/rust-lang/crates.io-index)" = "6adf679e91d1bff0c06860287f80403e7db54c2d2424dce0a470023b56c88fbb"
"checksum gettext-rs 0.4.4 (registry+https://github.com/rust-lang/crates.io-index)" = "df454a42d8a718280c78666efe0707c120873736961ae91ead898f17ac66ce7c"
"checksum gettext-sys 0.19.9 (registry+https://github.com/rust-lang/crates.io-index)" = "e034c4ba5bb796730a6cc5eb0d654c16885006a7c3d6c6603581ed809434f153"
"checksum gio 0.8.0 (registry+https://github.com/rust-lang/crates.io-index)" = "879a5eb1a91623819d658669104fb587c1ae68695d50947f3e4949a00c6bc218"
"checksum gio-sys 0.9.1 (registry+https://github.com/rust-lang/crates.io-index)" = "4fad225242b9eae7ec8a063bb86974aca56885014672375e5775dc0ea3533911"
"checksum glib 0.9.3 (registry+https://github.com/rust-lang/crates.io-index)" = "40fb573a09841b6386ddf15fd4bc6655b4f5b106ca962f57ecaecde32a0061c0"
"checksum glib-sys 0.9.1 (registry+https://github.com/rust-lang/crates.io-index)" = "95856f3802f446c05feffa5e24859fe6a183a7cb849c8449afc35c86b1e316e2"
"checksum gobject-sys 0.9.1 (registry+https://github.com/rust-lang/crates.io-index)" = "31d1a804f62034eccf370006ccaef3708a71c31d561fee88564abe71177553d9"
"checksum gtk 0.8.1 (registry+https://github.com/rust-lang/crates.io-index)" = "87e1e8d70290239c668594002d1b174fcc7d7ef5d26670ee141490ede8facf8f"
"checksum gtk-sys 0.9.2 (registry+https://github.com/rust-lang/crates.io-index)" = "53def660c7b48b00b510c81ef2d2fbd3c570f1527081d8d7947f471513e1a4c1"
"checksum gudev 0.8.0 (registry+https://github.com/rust-lang/crates.io-index)" = "19e1c2a2accc4d2fc056ab505e7c4a0ec6ae048462c643a190f3547167afb013"
"checksum gudev-sys 0.6.0 (registry+https://github.com/rust-lang/crates.io-index)" = "b3c76e136126f3a935fe6b624d48fa99fd1db76de7add5652c96d45426a8957e"
"checksum lazy_static 1.2.0 (registry+https://github.com/rust-lang/crates.io-index)" = "a374c89b9db55895453a74c1e38861d9deec0b01b405a82516e9d5de4820dea1"
"checksum libc 0.2.42 (registry+https://github.com/rust-lang/crates.io-index)" = "b685088df2b950fccadf07a7187c8ef846a959c142338a48f9dc0b94517eb5f1"
"checksum libudev 0.2.0 (registry+https://github.com/rust-lang/crates.io-index)" = "ea626d3bdf40a1c5aee3bcd4f40826970cae8d80a8fec934c82a63840094dcfe"
"checksum libudev-sys 0.1.4 (registry+https://github.com/rust-lang/crates.io-index)" = "3c8469b4a23b962c1396b9b451dda50ef5b283e8dd309d69033475fa9b334324"
"checksum locale_config 0.2.3 (registry+https://github.com/rust-lang/crates.io-index)" = "73ac19ebe45489e5d53b4346d8b90bb3dd03275c5fdf2ce22a982516d86b535c"
"checksum memchr 2.3.3 (registry+https://github.com/rust-lang/crates.io-index)" = "3728d817d99e5ac407411fa471ff9800a778d88a24685968b36824eaf4bee400"
"checksum nodrop 0.1.12 (registry+https://github.com/rust-lang/crates.io-index)" = "9a2228dca57108069a5262f2ed8bd2e82496d2e074a06d1ccc7ce1687b6ae0a2"
"checksum pango 0.8.0 (registry+https://github.com/rust-lang/crates.io-index)" = "1e9c6b728f1be8edb5f9f981420b651d5ea30bdb9de89f1f1262d0084a020577"
"checksum pango-sys 0.9.1 (registry+https://github.com/rust-lang/crates.io-index)" = "86b93d84907b3cf0819bff8f13598ba72843bee579d5ebc2502e4b0367b4be7d"
"checksum pin-utils 0.1.0-alpha.4 (registry+https://github.com/rust-lang/crates.io-index)" = "5894c618ce612a3fa23881b152b608bafb8c56cfc22f434a3ba3120b40f7b587"
"checksum pkg-config 0.3.11 (registry+https://github.com/rust-lang/crates.io-index)" = "110d5ee3593dbb73f56294327fe5668bcc997897097cbc76b51e7aed3f52452f"
"checksum proc-macro-hack 0.5.11 (registry+https://github.com/rust-lang/crates.io-index)" = "ecd45702f76d6d3c75a80564378ae228a85f0b59d2f3ed43c91b4a69eb2ebfc5"
"checksum proc-macro-nested 0.1.3 (registry+https://github.com/rust-lang/crates.io-index)" = "369a6ed065f249a159e06c45752c780bda2fb53c995718f9e484d08daa9eb42e"
"checksum proc-macro2 0.4.20 (registry+https://github.com/rust-lang/crates.io-index)" = "3d7b7eaaa90b4a90a932a9ea6666c95a389e424eff347f0f793979289429feee"
"checksum proc-macro2 1.0.6 (registry+https://github.com/rust-lang/crates.io-index)" = "9c9e470a8dc4aeae2dee2f335e8f533e2d4b347e1434e5671afc49b054592f27"
"checksum quote 0.6.8 (registry+https://github.com/rust-lang/crates.io-index)" = "dd636425967c33af890042c483632d33fa7a18f19ad1d7ea72e8998c6ef8dea5"
"checksum quote 1.0.2 (registry+https://github.com/rust-lang/crates.io-index)" = "053a8c8bcc71fcce321828dc897a98ab9760bef03a4fc36693c231e5b3216cfe"
"checksum rand 0.4.3 (registry+https://github.com/rust-lang/crates.io-index)" = "8356f47b32624fef5b3301c1be97e5944ecdd595409cc5da11d05f211db6cfbd"
"checksum redox_syscall 0.1.40 (registry+https://github.com/rust-lang/crates.io-index)" = "c214e91d3ecf43e9a4e41e578973adeb14b474f2bee858742d127af75a0112b1"
"checksum redox_users 0.2.0 (registry+https://github.com/rust-lang/crates.io-index)" = "214a97e49be64fd2c86f568dd0cb2c757d2cc53de95b273b6ad0a1c908482f26"
"checksum regex 1.3.4 (registry+https://github.com/rust-lang/crates.io-index)" = "322cf97724bea3ee221b78fe25ac9c46114ebb51747ad5babd51a2fc6a8235a8"
"checksum regex-syntax 0.6.14 (registry+https://github.com/rust-lang/crates.io-index)" = "b28dfe3fe9badec5dbf0a79a9cccad2cfc2ab5484bdb3e44cbd1ae8b3ba2be06"
"checksum rustc-demangle 0.1.9 (registry+https://github.com/rust-lang/crates.io-index)" = "bcfe5b13211b4d78e5c2cadfebd7769197d95c639c35a50057eb4c05de811395"
"checksum rustc-serialize 0.3.24 (registry+https://github.com/rust-lang/crates.io-index)" = "dcf128d1287d2ea9d80910b5f1120d0b8eede3fbf1abe91c40d39ea7d51e6fda"
"checksum scoped_threadpool 0.1.9 (registry+https://github.com/rust-lang/crates.io-index)" = "1d51f5df5af43ab3f1360b429fa5e0152ac5ce8c0bd6485cae490332e96846a8"
"checksum slab 0.4.2 (registry+https://github.com/rust-lang/crates.io-index)" = "c111b5bd5695e56cffe5129854aa230b39c93a305372fdbb2668ca2394eea9f8"
"checksum syn 0.14.9 (registry+https://github.com/rust-lang/crates.io-index)" = "261ae9ecaa397c42b960649561949d69311f08eeaea86a65696e6e46517cf741"
"checksum syn 1.0.11 (registry+https://github.com/rust-lang/crates.io-index)" = "dff0acdb207ae2fe6d5976617f887eb1e35a2ba52c13c7234c790960cdad9238"
"checksum synstructure 0.9.0 (registry+https://github.com/rust-lang/crates.io-index)" = "85bb9b7550d063ea184027c9b8c20ac167cd36d3e06b3a40bceb9d746dc1a7b7"
"checksum thread_local 1.0.1 (registry+https://github.com/rust-lang/crates.io-index)" = "d40c6d1b69745a6ec6fb1ca717914848da4b44ae29d9b3080cbee91d72a69b14"
"checksum unicode-xid 0.1.0 (registry+https://github.com/rust-lang/crates.io-index)" = "fc72304796d0818e357ead4e000d19c9c174ab23dc11093ac919054d20a6a7fc"
"checksum unicode-xid 0.2.0 (registry+https://github.com/rust-lang/crates.io-index)" = "826e7639553986605ec5979c7dd957c7895e93eabed50ab2ffa7f6128a75097c"
"checksum winapi 0.3.5 (registry+https://github.com/rust-lang/crates.io-index)" = "773ef9dcc5f24b7d850d0ff101e542ff24c3b090a9768e03ff889fdef41f00fd"
"checksum winapi-i686-pc-windows-gnu 0.4.0 (registry+https://github.com/rust-lang/crates.io-index)" = "ac3b87c63620426dd9b991e5ce0329eff545bccbbb34f3be09ff6fb6ab51b7b6"
"checksum winapi-x86_64-pc-windows-gnu 0.4.0 (registry+https://github.com/rust-lang/crates.io-index)" = "712e227841d057c1ee1cd2fb22fa7e5a5461ae8e48fa2ca79ec42cfc1931183f"
